# This file was autogenerated by uv via the following command:
#    uv pip compile requirements-dev.txt -o requirements-dev.lock
colorama==0.4.6
    # via pytest
coverage==7.16.0
    # via -r requirements-dev.txt
et-xmlfile==2.0.0
    # via openpyxl
hypothesis==6.167.1
    # via -r requirements-dev.txt
iniconfig==2.3.0
    # via pytest
numpy==2.5.2
    # via
    #   -r requirements.txt
    #   opencv-python
    #   pandas
opencv-python==5.0.0.93
    # via -r requirements.txt
openpyxl==3.1.5
    # via -r requirements.txt
packaging==26.3
    # via pytest
pandas==3.0.5
    # via -r requirements.txt
pillow==12.3.0
    # via -r requirements.txt
pluggy==1.6.0
    # via pytest
pygments==2.21.0
    # via pytest
pytest==9.1.1
    # via -r requirements-dev.txt
python-dateutil==2.9.0.post0
    # via pandas
six==1.17.0
    # via python-dateutil
sortedcontainers==2.4.0
    # via hypothesis
tzdata==2026.3
    # via pandas
