# This file was autogenerated by uv via the following command:
#    uv pip compile requirements.txt -o requirements.lock
et-xmlfile==2.0.0
    # via openpyxl
numpy==2.5.2
    # via
    #   -r requirements.txt
    #   opencv-python
    #   pandas
opencv-python==5.0.0.93
    # via -r requirements.txt
openpyxl==3.1.5
    # via -r requirements.txt
pandas==3.0.5
    # via -r requirements.txt
pillow==12.3.0
    # via -r requirements.txt
python-dateutil==2.9.0.post0
    # via pandas
six==1.17.0
    # via python-dateutil
tzdata==2026.3
    # via pandas
